
Microsoft Visual Studio Solution File, Format Version 12.00
# Visual Studio Version 16
VisualStudioVersion = 16.0.30611.23
MinimumVisualStudioVersion = 10.0.40219.1
Project("{9A19103F-16F7-4668-BE54-9A1E7A4F7556}") = "ContentManagement", "ContentManagement\ContentManagement.csproj", "{AACA4F7C-5061-449C-8FC9-062715E3D818}"
EndProject
Project("{9A19103F-16F7-4668-BE54-9A1E7A4F7556}") = "GolfModelLibrary", "..\GolfModelLibrary\GolfModelLibrary.csproj", "{BDAC8224-9FD8-45BA-8E25-7A77110B6829}"
EndProject
Global
	GlobalSection(SolutionConfigurationPlatforms) = preSolution
		Debug|Any CPU = Debug|Any CPU
		Release|Any CPU = Release|Any CPU
	EndGlobalSection
	GlobalSection(ProjectConfigurationPlatforms) = postSolution
		{AACA4F7C-5061-449C-8FC9-062715E3D818}.Debug|Any CPU.ActiveCfg = Debug|Any CPU
		{AACA4F7C-5061-449C-8FC9-062715E3D818}.Debug|Any CPU.Build.0 = Debug|Any CPU
		{AACA4F7C-5061-449C-8FC9-062715E3D818}.Release|Any CPU.ActiveCfg = Release|Any CPU
		{AACA4F7C-5061-449C-8FC9-062715E3D818}.Release|Any CPU.Build.0 = Release|Any CPU
		{BDAC8224-9FD8-45BA-8E25-7A77110B6829}.Debug|Any CPU.ActiveCfg = Debug|Any CPU
		{BDAC8224-9FD8-45BA-8E25-7A77110B6829}.Debug|Any CPU.Build.0 = Debug|Any CPU
		{BDAC8224-9FD8-45BA-8E25-7A77110B6829}.Release|Any CPU.ActiveCfg = Release|Any CPU
		{BDAC8224-9FD8-45BA-8E25-7A77110B6829}.Release|Any CPU.Build.0 = Release|Any CPU
	EndGlobalSection
	GlobalSection(SolutionProperties) = preSolution
		HideSolutionNode = FALSE
	EndGlobalSection
	GlobalSection(ExtensibilityGlobals) = postSolution
		SolutionGuid = {810BBF57-6A09-410E-B27A-8C43F8C815FC}
	EndGlobalSection
EndGlobal
